
Microsoft Visual Studio Solution File, Format Version 12.00
# Visual Studio Version 17
VisualStudioVersion = 17.9.34714.143
MinimumVisualStudioVersion = 10.0.40219.1
Project("{FAE04EC0-301F-11D3-BF4B-00C04F79EFBC}") = "AlloyDemo", "AlloyDemo\AlloyDemo.csproj", "{AB28F2DB-01B3-4D81-8AC6-55D3A734E95B}"
EndProject
Global
	GlobalSection(SolutionConfigurationPlatforms) = preSolution
		Debug|Any CPU = Debug|Any CPU
		Release|Any CPU = Release|Any CPU
	EndGlobalSection
	GlobalSection(ProjectConfigurationPlatforms) = postSolution
		{AB28F2DB-01B3-4D81-8AC6-55D3A734E95B}.Debug|Any CPU.ActiveCfg = Debug|Any CPU
		{AB28F2DB-01B3-4D81-8AC6-55D3A734E95B}.Debug|Any CPU.Build.0 = Debug|Any CPU
		{AB28F2DB-01B3-4D81-8AC6-55D3A734E95B}.Release|Any CPU.ActiveCfg = Release|Any CPU
		{AB28F2DB-01B3-4D81-8AC6-55D3A734E95B}.Release|Any CPU.Build.0 = Release|Any CPU
	EndGlobalSection
	GlobalSection(SolutionProperties) = preSolution
		HideSolutionNode = FALSE
	EndGlobalSection
	GlobalSection(ExtensibilityGlobals) = postSolution
		SolutionGuid = {2FB6F9FC-7D1F-4606-A94F-9C54004762AF}
	EndGlobalSection
EndGlobal
